
Microsoft Visual Studio Solution File, Format Version 12.00
# Visual Studio Version 16
VisualStudioVersion = 16.0.31005.135
MinimumVisualStudioVersion = 10.0.40219.1
Project("{FAE04EC0-301F-11D3-BF4B-00C04F79EFBC}") = "Unique Usernames", "Unique Usernames\Unique Usernames.csproj", "{6572B972-D26F-4FF6-AAF8-8D60D024C1C6}"
EndProject
Project("{FAE04EC0-301F-11D3-BF4B-00C04F79EFBC}") = "Sets of Elements", "Sets of Elements\Sets of Elements.csproj", "{67248612-49F0-4EE9-97E6-75D68780C32C}"
EndProject
Project("{FAE04EC0-301F-11D3-BF4B-00C04F79EFBC}") = "Periodic Table", "Periodic Table\Periodic Table.csproj", "{0FA352CE-A871-4848-8ED6-C802A1062E1B}"
EndProject
Project("{FAE04EC0-301F-11D3-BF4B-00C04F79EFBC}") = "Even Times", "Even Times\Even Times.csproj", "{2ED42479-238B-44A8-A670-0FA1470D3E38}"
EndProject
Project("{FAE04EC0-301F-11D3-BF4B-00C04F79EFBC}") = "Count Symbols", "Count Symbols\Count Symbols.csproj", "{164151A9-C30E-455D-9DDC-900683D4E6DC}"
EndProject
Project("{FAE04EC0-301F-11D3-BF4B-00C04F79EFBC}") = "Ranking", "Ranking\Ranking.csproj", "{CF3D6151-570C-41EC-9B60-2852FCC099D7}"
EndProject
Project("{FAE04EC0-301F-11D3-BF4B-00C04F79EFBC}") = "Wardrobe", "Wardrobe\Wardrobe.csproj", "{66C62370-0F51-4E40-A633-6BCDE97317D7}"
EndProject
Project("{FAE04EC0-301F-11D3-BF4B-00C04F79EFBC}") = "The V-Logger", "The V-Logger\The V-Logger.csproj", "{E3A4AF7C-4534-481D-ACAC-6982AC36ECA6}"
EndProject
Global
	GlobalSection(SolutionConfigurationPlatforms) = preSolution
		Debug|Any CPU = Debug|Any CPU
		Release|Any CPU = Release|Any CPU
	EndGlobalSection
	GlobalSection(ProjectConfigurationPlatforms) = postSolution
		{6572B972-D26F-4FF6-AAF8-8D60D024C1C6}.Debug|Any CPU.ActiveCfg = Debug|Any CPU
		{6572B972-D26F-4FF6-AAF8-8D60D024C1C6}.Debug|Any CPU.Build.0 = Debug|Any CPU
		{6572B972-D26F-4FF6-AAF8-8D60D024C1C6}.Release|Any CPU.ActiveCfg = Release|Any CPU
		{6572B972-D26F-4FF6-AAF8-8D60D024C1C6}.Release|Any CPU.Build.0 = Release|Any CPU
		{67248612-49F0-4EE9-97E6-75D68780C32C}.Debug|Any CPU.ActiveCfg = Debug|Any CPU
		{67248612-49F0-4EE9-97E6-75D68780C32C}.Debug|Any CPU.Build.0 = Debug|Any CPU
		{67248612-49F0-4EE9-97E6-75D68780C32C}.Release|Any CPU.ActiveCfg = Release|Any CPU
		{67248612-49F0-4EE9-97E6-75D68780C32C}.Release|Any CPU.Build.0 = Release|Any CPU
		{0FA352CE-A871-4848-8ED6-C802A1062E1B}.Debug|Any CPU.ActiveCfg = Debug|Any CPU
		{0FA352CE-A871-4848-8ED6-C802A1062E1B}.Debug|Any CPU.Build.0 = Debug|Any CPU
		{0FA352CE-A871-4848-8ED6-C802A1062E1B}.Release|Any CPU.ActiveCfg = Release|Any CPU
		{0FA352CE-A871-4848-8ED6-C802A1062E1B}.Release|Any CPU.Build.0 = Release|Any CPU
		{2ED42479-238B-44A8-A670-0FA1470D3E38}.Debug|Any CPU.ActiveCfg = Debug|Any CPU
		{2ED42479-238B-44A8-A670-0FA1470D3E38}.Debug|Any CPU.Build.0 = Debug|Any CPU
		{2ED42479-238B-44A8-A670-0FA1470D3E38}.Release|Any CPU.ActiveCfg = Release|Any CPU
		{2ED42479-238B-44A8-A670-0FA1470D3E38}.Release|Any CPU.Build.0 = Release|Any CPU
		{164151A9-C30E-455D-9DDC-900683D4E6DC}.Debug|Any CPU.ActiveCfg = Debug|Any CPU
		{164151A9-C30E-455D-9DDC-900683D4E6DC}.Debug|Any CPU.Build.0 = Debug|Any CPU
		{164151A9-C30E-455D-9DDC-900683D4E6DC}.Release|Any CPU.ActiveCfg = Release|Any CPU
		{164151A9-C30E-455D-9DDC-900683D4E6DC}.Release|Any CPU.Build.0 = Release|Any CPU
		{CF3D6151-570C-41EC-9B60-2852FCC099D7}.Debug|Any CPU.ActiveCfg = Debug|Any CPU
		{CF3D6151-570C-41EC-9B60-2852FCC099D7}.Debug|Any CPU.Build.0 = Debug|Any CPU
		{CF3D6151-570C-41EC-9B60-2852FCC099D7}.Release|Any CPU.ActiveCfg = Release|Any CPU
		{CF3D6151-570C-41EC-9B60-2852FCC099D7}.Release|Any CPU.Build.0 = Release|Any CPU
		{66C62370-0F51-4E40-A633-6BCDE97317D7}.Debug|Any CPU.ActiveCfg = Debug|Any CPU
		{66C62370-0F51-4E40-A633-6BCDE97317D7}.Debug|Any CPU.Build.0 = Debug|Any CPU
		{66C62370-0F51-4E40-A633-6BCDE97317D7}.Release|Any CPU.ActiveCfg = Release|Any CPU
		{66C62370-0F51-4E40-A633-6BCDE97317D7}.Release|Any CPU.Build.0 = Release|Any CPU
		{E3A4AF7C-4534-481D-ACAC-6982AC36ECA6}.Debug|Any CPU.ActiveCfg = Debug|Any CPU
		{E3A4AF7C-4534-481D-ACAC-6982AC36ECA6}.Debug|Any CPU.Build.0 = Debug|Any CPU
		{E3A4AF7C-4534-481D-ACAC-6982AC36ECA6}.Release|Any CPU.ActiveCfg = Release|Any CPU
		{E3A4AF7C-4534-481D-ACAC-6982AC36ECA6}.Release|Any CPU.Build.0 = Release|Any CPU
	EndGlobalSection
	GlobalSection(SolutionProperties) = preSolution
		HideSolutionNode = FALSE
	EndGlobalSection
	GlobalSection(ExtensibilityGlobals) = postSolution
		SolutionGuid = {7B06FEB0-7E8A-4F6A-BB34-38B73D97CC35}
	EndGlobalSection
EndGlobal
